
Microsoft Visual Studio Solution File, Format Version 12.00
# Visual Studio 15
VisualStudioVersion = 15.0.28307.645
MinimumVisualStudioVersion = 10.0.40219.1
Project("{FAE04EC0-301F-11D3-BF4B-00C04F79EFBC}") = "WordChain", "WordChain\WordChain.csproj", "{77867C2A-0496-42CE-9C14-726FE26713DB}"
EndProject
Global
	GlobalSection(SolutionConfigurationPlatforms) = preSolution
		Debug|Any CPU = Debug|Any CPU
		Release|Any CPU = Release|Any CPU
	EndGlobalSection
	GlobalSection(ProjectConfigurationPlatforms) = postSolution
		{77867C2A-0496-42CE-9C14-726FE26713DB}.Debug|Any CPU.ActiveCfg = Debug|Any CPU
		{77867C2A-0496-42CE-9C14-726FE26713DB}.Debug|Any CPU.Build.0 = Debug|Any CPU
		{77867C2A-0496-42CE-9C14-726FE26713DB}.Release|Any CPU.ActiveCfg = Release|Any CPU
		{77867C2A-0496-42CE-9C14-726FE26713DB}.Release|Any CPU.Build.0 = Release|Any CPU
	EndGlobalSection
	GlobalSection(SolutionProperties) = preSolution
		HideSolutionNode = FALSE
	EndGlobalSection
	GlobalSection(ExtensibilityGlobals) = postSolution
		SolutionGuid = {CBAE1BD9-1733-4B51-A615-D2F3661FE1D1}
	EndGlobalSection
EndGlobal
